# This file is autogenerated, do not edit; changes may be undone by the next 'dep ensure'.


[[projects]]
  branch = "master"
  name = "golang.org/x/net"
  packages = ["websocket"]
  revision = "a04bdaca5b32abe1c069418fb7088ae607de5bd0"

[solve-meta]
  analyzer-name = "dep"
  analyzer-version = 1
  inputs-digest = "e34aa5fc3db028fe4c812ea2b6db2c3192ea6a0f0de400266d2f24a2d3b9aad1"
  solver-name = "gps-cdcl"
  solver-version = 1
